
Microsoft Visual Studio Solution File, Format Version 12.00
# Visual Studio Version 17
VisualStudioVersion = 17.14.36414.22 d17.14
MinimumVisualStudioVersion = 10.0.40219.1
Project("{FAE04EC0-301F-11D3-BF4B-00C04F79EFBC}") = "GlobalAuditService", "GlobalAuditService.csproj", "{ACF20ABB-3CFC-4E06-B62F-94C8D19C7359}"
EndProject
Global
	GlobalSection(SolutionConfigurationPlatforms) = preSolution
		Debug|Any CPU = Debug|Any CPU
		Release|Any CPU = Release|Any CPU
	EndGlobalSection
	GlobalSection(ProjectConfigurationPlatforms) = postSolution
		{ACF20ABB-3CFC-4E06-B62F-94C8D19C7359}.Debug|Any CPU.ActiveCfg = Debug|Any CPU
		{ACF20ABB-3CFC-4E06-B62F-94C8D19C7359}.Debug|Any CPU.Build.0 = Debug|Any CPU
		{ACF20ABB-3CFC-4E06-B62F-94C8D19C7359}.Release|Any CPU.ActiveCfg = Release|Any CPU
		{ACF20ABB-3CFC-4E06-B62F-94C8D19C7359}.Release|Any CPU.Build.0 = Release|Any CPU
	EndGlobalSection
	GlobalSection(SolutionProperties) = preSolution
		HideSolutionNode = FALSE
	EndGlobalSection
	GlobalSection(ExtensibilityGlobals) = postSolution
		SolutionGuid = {9DEE63A1-8B54-4085-B00F-38E4E679B547}
	EndGlobalSection
EndGlobal
